
Microsoft Visual Studio Solution File, Format Version 12.00
# Visual Studio Version 16
VisualStudioVersion = 16.0.30011.22
MinimumVisualStudioVersion = 10.0.40219.1
Project("{2150E333-8FDC-42A3-9474-1A3956D46DE8}") = "src", "src", "{F94C5834-EBE8-46BF-A3D2-B27BF935BBEE}"
EndProject
Project("{9A19103F-16F7-4668-BE54-9A1E7A4F7556}") = "BattleRoyalle.Domain", "BattleRoyalle.Domain\BattleRoyalle.Domain.csproj", "{9355C4B3-6B60-4BC2-A3EA-9BE3085C0208}"
EndProject
Project("{9A19103F-16F7-4668-BE54-9A1E7A4F7556}") = "BattleRoyalle.Service", "BattleRoyalle.Service\BattleRoyalle.Service.csproj", "{8F45836A-AC8D-40B9-A171-352A76EBC1F3}"
EndProject
Project("{9A19103F-16F7-4668-BE54-9A1E7A4F7556}") = "BattleRoyalle.Service.Core", "BattleRoyalle.Service.Core\BattleRoyalle.Service.Core.csproj", "{E546B280-8503-461F-A858-22A3A71721C2}"
EndProject
Project("{9A19103F-16F7-4668-BE54-9A1E7A4F7556}") = "BattleRoyalle.Shared", "BattleRoyalle.Shared\BattleRoyalle.Shared.csproj", "{CD1F7C45-455A-4FFD-8A48-4A067A2BDFC0}"
EndProject
Project("{9A19103F-16F7-4668-BE54-9A1E7A4F7556}") = "BattleRoyalle.Infrastructure.Data", "BattleRoyalle.Infrastructure.Data\BattleRoyalle.Infrastructure.Data.csproj", "{3BB0C7DF-00B9-49F7-A14C-64290C7CB141}"
EndProject
Project("{FAE04EC0-301F-11D3-BF4B-00C04F79EFBC}") = "BattleRoyalle.Api", "BattleRoyalle.Api\BattleRoyalle.Api.csproj", "{B4552844-92D6-4635-A090-EE936889563F}"
EndProject
Project("{FAE04EC0-301F-11D3-BF4B-00C04F79EFBC}") = "BattleRoyalle.Application", "BattleRoyalle.Application\BattleRoyalle.Application.csproj", "{2D5443CD-9816-4485-BA1D-016F9FA1FCFB}"
EndProject
Project("{2150E333-8FDC-42A3-9474-1A3956D46DE8}") = "1 - Presentation", "1 - Presentation", "{29A11236-2037-4AEA-9E1E-5C71DFD68C95}"
EndProject
Project("{2150E333-8FDC-42A3-9474-1A3956D46DE8}") = "2 - Application", "2 - Application", "{7636CDC9-35EE-442F-90ED-2A52DE8C2B73}"
EndProject
Project("{2150E333-8FDC-42A3-9474-1A3956D46DE8}") = "3 - Infrastructure", "3 - Infrastructure", "{A32C1910-BE98-4FF7-9F45-12A70AD5FEFC}"
EndProject
Project("{2150E333-8FDC-42A3-9474-1A3956D46DE8}") = "4 - Domain", "4 - Domain", "{32782BFF-62A1-41E4-8A28-30F06EE62656}"
EndProject
Project("{2150E333-8FDC-42A3-9474-1A3956D46DE8}") = "5 - Shared", "5 - Shared", "{49326F6B-D909-4578-88DF-F040E81093A8}"
EndProject
Project("{2150E333-8FDC-42A3-9474-1A3956D46DE8}") = "6 - Service", "6 - Service", "{F71F9952-454D-4378-BFCC-32A4C9F48A91}"
EndProject
Global
	GlobalSection(SolutionConfigurationPlatforms) = preSolution
		Debug|Any CPU = Debug|Any CPU
		Release|Any CPU = Release|Any CPU
	EndGlobalSection
	GlobalSection(ProjectConfigurationPlatforms) = postSolution
		{9355C4B3-6B60-4BC2-A3EA-9BE3085C0208}.Debug|Any CPU.ActiveCfg = Debug|Any CPU
		{9355C4B3-6B60-4BC2-A3EA-9BE3085C0208}.Debug|Any CPU.Build.0 = Debug|Any CPU
		{9355C4B3-6B60-4BC2-A3EA-9BE3085C0208}.Release|Any CPU.ActiveCfg = Release|Any CPU
		{9355C4B3-6B60-4BC2-A3EA-9BE3085C0208}.Release|Any CPU.Build.0 = Release|Any CPU
		{8F45836A-AC8D-40B9-A171-352A76EBC1F3}.Debug|Any CPU.ActiveCfg = Debug|Any CPU
		{8F45836A-AC8D-40B9-A171-352A76EBC1F3}.Debug|Any CPU.Build.0 = Debug|Any CPU
		{8F45836A-AC8D-40B9-A171-352A76EBC1F3}.Release|Any CPU.ActiveCfg = Release|Any CPU
		{8F45836A-AC8D-40B9-A171-352A76EBC1F3}.Release|Any CPU.Build.0 = Release|Any CPU
		{E546B280-8503-461F-A858-22A3A71721C2}.Debug|Any CPU.ActiveCfg = Debug|Any CPU
		{E546B280-8503-461F-A858-22A3A71721C2}.Debug|Any CPU.Build.0 = Debug|Any CPU
		{E546B280-8503-461F-A858-22A3A71721C2}.Release|Any CPU.ActiveCfg = Release|Any CPU
		{E546B280-8503-461F-A858-22A3A71721C2}.Release|Any CPU.Build.0 = Release|Any CPU
		{CD1F7C45-455A-4FFD-8A48-4A067A2BDFC0}.Debug|Any CPU.ActiveCfg = Debug|Any CPU
		{CD1F7C45-455A-4FFD-8A48-4A067A2BDFC0}.Debug|Any CPU.Build.0 = Debug|Any CPU
		{CD1F7C45-455A-4FFD-8A48-4A067A2BDFC0}.Release|Any CPU.ActiveCfg = Release|Any CPU
		{CD1F7C45-455A-4FFD-8A48-4A067A2BDFC0}.Release|Any CPU.Build.0 = Release|Any CPU
		{3BB0C7DF-00B9-49F7-A14C-64290C7CB141}.Debug|Any CPU.ActiveCfg = Debug|Any CPU
		{3BB0C7DF-00B9-49F7-A14C-64290C7CB141}.Debug|Any CPU.Build.0 = Debug|Any CPU
		{3BB0C7DF-00B9-49F7-A14C-64290C7CB141}.Release|Any CPU.ActiveCfg = Release|Any CPU
		{3BB0C7DF-00B9-49F7-A14C-64290C7CB141}.Release|Any CPU.Build.0 = Release|Any CPU
		{B4552844-92D6-4635-A090-EE936889563F}.Debug|Any CPU.ActiveCfg = Debug|Any CPU
		{B4552844-92D6-4635-A090-EE936889563F}.Debug|Any CPU.Build.0 = Debug|Any CPU
		{B4552844-92D6-4635-A090-EE936889563F}.Release|Any CPU.ActiveCfg = Release|Any CPU
		{B4552844-92D6-4635-A090-EE936889563F}.Release|Any CPU.Build.0 = Release|Any CPU
		{2D5443CD-9816-4485-BA1D-016F9FA1FCFB}.Debug|Any CPU.ActiveCfg = Debug|Any CPU
		{2D5443CD-9816-4485-BA1D-016F9FA1FCFB}.Debug|Any CPU.Build.0 = Debug|Any CPU
		{2D5443CD-9816-4485-BA1D-016F9FA1FCFB}.Release|Any CPU.ActiveCfg = Release|Any CPU
		{2D5443CD-9816-4485-BA1D-016F9FA1FCFB}.Release|Any CPU.Build.0 = Release|Any CPU
	EndGlobalSection
	GlobalSection(SolutionProperties) = preSolution
		HideSolutionNode = FALSE
	EndGlobalSection
	GlobalSection(NestedProjects) = preSolution
		{9355C4B3-6B60-4BC2-A3EA-9BE3085C0208} = {32782BFF-62A1-41E4-8A28-30F06EE62656}
		{8F45836A-AC8D-40B9-A171-352A76EBC1F3} = {F71F9952-454D-4378-BFCC-32A4C9F48A91}
		{E546B280-8503-461F-A858-22A3A71721C2} = {F71F9952-454D-4378-BFCC-32A4C9F48A91}
		{CD1F7C45-455A-4FFD-8A48-4A067A2BDFC0} = {49326F6B-D909-4578-88DF-F040E81093A8}
		{3BB0C7DF-00B9-49F7-A14C-64290C7CB141} = {A32C1910-BE98-4FF7-9F45-12A70AD5FEFC}
		{B4552844-92D6-4635-A090-EE936889563F} = {29A11236-2037-4AEA-9E1E-5C71DFD68C95}
		{2D5443CD-9816-4485-BA1D-016F9FA1FCFB} = {7636CDC9-35EE-442F-90ED-2A52DE8C2B73}
		{29A11236-2037-4AEA-9E1E-5C71DFD68C95} = {F94C5834-EBE8-46BF-A3D2-B27BF935BBEE}
		{7636CDC9-35EE-442F-90ED-2A52DE8C2B73} = {F94C5834-EBE8-46BF-A3D2-B27BF935BBEE}
		{A32C1910-BE98-4FF7-9F45-12A70AD5FEFC} = {F94C5834-EBE8-46BF-A3D2-B27BF935BBEE}
		{32782BFF-62A1-41E4-8A28-30F06EE62656} = {F94C5834-EBE8-46BF-A3D2-B27BF935BBEE}
		{49326F6B-D909-4578-88DF-F040E81093A8} = {F94C5834-EBE8-46BF-A3D2-B27BF935BBEE}
		{F71F9952-454D-4378-BFCC-32A4C9F48A91} = {F94C5834-EBE8-46BF-A3D2-B27BF935BBEE}
	EndGlobalSection
	GlobalSection(ExtensibilityGlobals) = postSolution
		SolutionGuid = {07F2CA55-68AB-4267-B9E3-EA52C51B887F}
	EndGlobalSection
EndGlobal
